
Microsoft Visual Studio Solution File, Format Version 12.00
# Visual Studio Version 16
VisualStudioVersion = 16.0.29503.13
MinimumVisualStudioVersion = 10.0.40219.1
Project("{FAE04EC0-301F-11D3-BF4B-00C04F79EFBC}") = "lab10", "lab10\lab10.csproj", "{F5727EEF-0898-434D-A31D-BCD18C17A980}"
EndProject
Global
	GlobalSection(SolutionConfigurationPlatforms) = preSolution
		Debug|Any CPU = Debug|Any CPU
		Release|Any CPU = Release|Any CPU
	EndGlobalSection
	GlobalSection(ProjectConfigurationPlatforms) = postSolution
		{F5727EEF-0898-434D-A31D-BCD18C17A980}.Debug|Any CPU.ActiveCfg = Debug|Any CPU
		{F5727EEF-0898-434D-A31D-BCD18C17A980}.Debug|Any CPU.Build.0 = Debug|Any CPU
		{F5727EEF-0898-434D-A31D-BCD18C17A980}.Release|Any CPU.ActiveCfg = Release|Any CPU
		{F5727EEF-0898-434D-A31D-BCD18C17A980}.Release|Any CPU.Build.0 = Release|Any CPU
	EndGlobalSection
	GlobalSection(SolutionProperties) = preSolution
		HideSolutionNode = FALSE
	EndGlobalSection
	GlobalSection(ExtensibilityGlobals) = postSolution
		SolutionGuid = {0B284374-F678-4A90-90B0-00A941316BF6}
	EndGlobalSection
EndGlobal
